
Microsoft Visual Studio Solution File, Format Version 12.00
# Visual Studio Version 17
VisualStudioVersion = 17.12.35707.178
MinimumVisualStudioVersion = 10.0.40219.1
Project("{FAE04EC0-301F-11D3-BF4B-00C04F79EFBC}") = "TCC.Data", "src\TCC.Data\TCC.Data.csproj", "{8B1DBDDD-0D60-4BA5-9FA6-2D0E42BEBFB6}"
EndProject
Project("{FAE04EC0-301F-11D3-BF4B-00C04F79EFBC}") = "TCC.Business", "src\TCC.Business\TCC.Business.csproj", "{8535AA87-D4E5-4212-A3C1-B200898D04C5}"
EndProject
Project("{FAE04EC0-301F-11D3-BF4B-00C04F79EFBC}") = "TCC.Api", "src\TCC.Api\TCC.Api.csproj", "{61BA3055-D0EE-4692-BD77-BC80301F3417}"
EndProject
Global
	GlobalSection(SolutionConfigurationPlatforms) = preSolution
		Debug|Any CPU = Debug|Any CPU
		Release|Any CPU = Release|Any CPU
	EndGlobalSection
	GlobalSection(ProjectConfigurationPlatforms) = postSolution
		{8B1DBDDD-0D60-4BA5-9FA6-2D0E42BEBFB6}.Debug|Any CPU.ActiveCfg = Debug|Any CPU
		{8B1DBDDD-0D60-4BA5-9FA6-2D0E42BEBFB6}.Debug|Any CPU.Build.0 = Debug|Any CPU
		{8B1DBDDD-0D60-4BA5-9FA6-2D0E42BEBFB6}.Release|Any CPU.ActiveCfg = Release|Any CPU
		{8B1DBDDD-0D60-4BA5-9FA6-2D0E42BEBFB6}.Release|Any CPU.Build.0 = Release|Any CPU
		{8535AA87-D4E5-4212-A3C1-B200898D04C5}.Debug|Any CPU.ActiveCfg = Debug|Any CPU
		{8535AA87-D4E5-4212-A3C1-B200898D04C5}.Debug|Any CPU.Build.0 = Debug|Any CPU
		{8535AA87-D4E5-4212-A3C1-B200898D04C5}.Release|Any CPU.ActiveCfg = Release|Any CPU
		{8535AA87-D4E5-4212-A3C1-B200898D04C5}.Release|Any CPU.Build.0 = Release|Any CPU
		{61BA3055-D0EE-4692-BD77-BC80301F3417}.Debug|Any CPU.ActiveCfg = Debug|Any CPU
		{61BA3055-D0EE-4692-BD77-BC80301F3417}.Debug|Any CPU.Build.0 = Debug|Any CPU
		{61BA3055-D0EE-4692-BD77-BC80301F3417}.Release|Any CPU.ActiveCfg = Release|Any CPU
		{61BA3055-D0EE-4692-BD77-BC80301F3417}.Release|Any CPU.Build.0 = Release|Any CPU
	EndGlobalSection
	GlobalSection(SolutionProperties) = preSolution
		HideSolutionNode = FALSE
	EndGlobalSection
EndGlobal
